# This file is automatically @generated by Cargo.
# It is not intended for manual editing.
version = 3

[[package]]
name = "bincode"
version = "2.0.0-rc.2"
source = "registry+https://github.com/rust-lang/crates.io-index"
checksum = "7bb50c5a2ef4b9b1e7ae73e3a73b52ea24b20312d629f9c4df28260b7ad2c3c4"
dependencies = [
 "bincode_derive",
 "serde",
]

[[package]]
name = "bincode_derive"
version = "2.0.0-rc.2"
source = "registry+https://github.com/rust-lang/crates.io-index"
checksum = "0a45a23389446d2dd25dc8e73a7a3b3c43522b630cac068927f0649d43d719d2"
dependencies = [
 "virtue",
]

[[package]]
name = "dotenv"
version = "0.15.0"
source = "registry+https://github.com/rust-lang/crates.io-index"
checksum = "77c90badedccf4105eca100756a0b1289e191f6fcbdadd3cee1d2f614f97da8f"

[[package]]
name = "lazy_static"
version = "1.4.0"
source = "registry+https://github.com/rust-lang/crates.io-index"
checksum = "e2abad23fbc42b3700f2f279844dc832adb2b2eb069b2df918f455c4e18cc646"

[[package]]
name = "responder"
version = "0.1.991"
source = "registry+https://github.com/rust-lang/crates.io-index"
checksum = "5e46e30c5fb7c57dc4b67bdac29ffdfbaadfe2e5eca3016bfc0052a005204571"
dependencies = [
 "lazy_static",
]

[[package]]
name = "serde"
version = "1.0.152"
source = "registry+https://github.com/rust-lang/crates.io-index"
checksum = "bb7d1f0d3021d347a83e556fc4683dea2ea09d87bccdf88ff5c12545d89d5efb"

[[package]]
name = "the_art_of_cooperation"
version = "0.1.0"
dependencies = [
 "bincode",
 "dotenv",
 "lazy_static",
 "responder",
]

[[package]]
name = "virtue"
version = "0.0.8"
source = "registry+https://github.com/rust-lang/crates.io-index"
checksum = "7b60dcd6a64dd45abf9bd426970c9843726da7fc08f44cd6fcebf68c21220a63"
